PODS:
  - Alamofire (1.3.0)
  - PageMenu (1.2.8)
  - SwiftyJSON (2.2.0)

DEPENDENCIES:
  - Alamofire
  - PageMenu
  - SwiftyJSON

SPEC CHECKSUMS:
  Alamofire: 220403a8d5840e0b4c946a6fbaf209dbca124282
  PageMenu: 703e82e173f54a4626ab88fcdca7703ee52e0cbe
  SwiftyJSON: 0b3e6c07af17ff745e77e8e9984097b55c956e5c

COCOAPODS: 0.38.2
